
Microsoft Visual Studio Solution File, Format Version 12.00
# Visual Studio 15
VisualStudioVersion = 15.0.28307.106
MinimumVisualStudioVersion = 10.0.40219.1
Project("{F184B08F-C81C-45F6-A57F-5ABD9991F28F}") = "tru3pl", "tru3pl.vbproj", "{9B3FB5AB-E469-4F90-B8CB-43D1F45A6913}"
EndProject
Global
	GlobalSection(SolutionConfigurationPlatforms) = preSolution
		Debug|Any CPU = Debug|Any CPU
		Release|Any CPU = Release|Any CPU
	EndGlobalSection
	GlobalSection(ProjectConfigurationPlatforms) = postSolution
		{9B3FB5AB-E469-4F90-B8CB-43D1F45A6913}.Debug|Any CPU.ActiveCfg = Debug|Any CPU
		{9B3FB5AB-E469-4F90-B8CB-43D1F45A6913}.Debug|Any CPU.Build.0 = Debug|Any CPU
		{9B3FB5AB-E469-4F90-B8CB-43D1F45A6913}.Release|Any CPU.ActiveCfg = Release|Any CPU
		{9B3FB5AB-E469-4F90-B8CB-43D1F45A6913}.Release|Any CPU.Build.0 = Release|Any CPU
	EndGlobalSection
	GlobalSection(SolutionProperties) = preSolution
		HideSolutionNode = FALSE
	EndGlobalSection
	GlobalSection(ExtensibilityGlobals) = postSolution
		SolutionGuid = {F9D74876-14FC-479D-8910-D7FE95E271A1}
	EndGlobalSection
EndGlobal
